
Microsoft Visual Studio Solution File, Format Version 12.00
# Visual Studio Version 17
VisualStudioVersion = 17.11.35431.28
MinimumVisualStudioVersion = 10.0.40219.1
Project("{2150E333-8FDC-42A3-9474-1A3956D46DE8}") = "src", "src", "{50A057C6-19F6-426F-B376-9AA1A267914C}"
EndProject
Project("{2150E333-8FDC-42A3-9474-1A3956D46DE8}") = "test", "test", "{8E68B152-2876-4B6A-B783-EE7438990EBE}"
EndProject
Project("{FAE04EC0-301F-11D3-BF4B-00C04F79EFBC}") = "ApproximateAlgorithm.ConsoleApp", "src\ApproximateAlgorithm.ConsoleApp\ApproximateAlgorithm.ConsoleApp.csproj", "{BA322E85-7021-4724-98A7-5300D90B7979}"
EndProject
Global
	GlobalSection(SolutionConfigurationPlatforms) = preSolution
		Debug|Any CPU = Debug|Any CPU
		Release|Any CPU = Release|Any CPU
	EndGlobalSection
	GlobalSection(ProjectConfigurationPlatforms) = postSolution
		{BA322E85-7021-4724-98A7-5300D90B7979}.Debug|Any CPU.ActiveCfg = Debug|Any CPU
		{BA322E85-7021-4724-98A7-5300D90B7979}.Debug|Any CPU.Build.0 = Debug|Any CPU
		{BA322E85-7021-4724-98A7-5300D90B7979}.Release|Any CPU.ActiveCfg = Release|Any CPU
		{BA322E85-7021-4724-98A7-5300D90B7979}.Release|Any CPU.Build.0 = Release|Any CPU
	EndGlobalSection
	GlobalSection(SolutionProperties) = preSolution
		HideSolutionNode = FALSE
	EndGlobalSection
	GlobalSection(NestedProjects) = preSolution
		{BA322E85-7021-4724-98A7-5300D90B7979} = {50A057C6-19F6-426F-B376-9AA1A267914C}
	EndGlobalSection
	GlobalSection(ExtensibilityGlobals) = postSolution
		SolutionGuid = {7791F9D7-0C03-4063-B255-2839445EFA71}
	EndGlobalSection
EndGlobal
